<?xml version="1.0" encoding="utf-8"?>
<Project ToolsVersion="4.0" xmlns="http://schemas.microsoft.com/developer/msbuild/2003">
  <ItemGroup>
    <ClCompile Include="..\simple_net\Client.cpp">
      <Filter>simple_net</Filter>
    </ClCompile>
    <ClCompile Include="..\simple_net\NetHelper.cpp">
      <Filter>simple_net</Filter>
    </ClCompile>
    <ClCompile Include="..\simple_net\Server.cpp">
      <Filter>simple_net</Filter>
    </ClCompile>
    <ClCompile Include="..\simple_net\ServerManager.cpp">
      <Filter>simple_net</Filter>
    </ClCompile>
    <ClCompile Include="ServerImp.cpp">
      <Filter>api</Filter>
    </ClCompile>
    <ClCompile Include="ServerManagerImp.cpp">
      <Filter>api</Filter>
    </ClCompile>
    <ClCompile Include="whsarmserver.cpp">
      <Filter>api</Filter>
    </ClCompile>
    <ClCompile Include="EventManager.cpp">
      <Filter>api</Filter>
    </ClCompile>
    <ClCompile Include="..\Poco\Foundation\Poco\Ascii.cpp">
      <Filter>Foundation</Filter>
    </ClCompile>
    <ClCompile Include="..\Poco\Foundation\Poco\AtomicCounter.cpp">
      <Filter>Foundation</Filter>
    </ClCompile>
    <ClCompile Include="..\Poco\Foundation\Poco\Bugcheck.cpp">
      <Filter>Foundation</Filter>
    </ClCompile>
    <ClCompile Include="..\Poco\Foundation\Poco\Exception.cpp">
      <Filter>Foundation</Filter>
    </ClCompile>
    <ClCompile Include="..\Poco\Foundation\Poco\RefCountedObject.cpp">
      <Filter>Foundation</Filter>
    </ClCompile>
    <ClCompile Include="..\Poco\Foundation\Poco\Timespan.cpp">
      <Filter>Foundation</Filter>
    </ClCompile>
    <ClCompile Include="..\Poco\Foundation\Poco\Timestamp.cpp">
      <Filter>Foundation</Filter>
    </ClCompile>
    <ClCompile Include="..\Poco\Net\Poco\Net\IPAddress.cpp">
      <Filter>Net</Filter>
    </ClCompile>
    <ClCompile Include="..\Poco\Net\Poco\Net\IPAddressImpl.cpp">
      <Filter>Net</Filter>
    </ClCompile>
    <ClCompile Include="..\Poco\Net\Poco\Net\Net.cpp">
      <Filter>Net</Filter>
    </ClCompile>
    <ClCompile Include="..\Poco\Net\Poco\Net\NetException.cpp">
      <Filter>Net</Filter>
    </ClCompile>
    <ClCompile Include="..\Poco\Net\Poco\Net\ServerSocket.cpp">
      <Filter>Net</Filter>
    </ClCompile>
    <ClCompile Include="..\Poco\Net\Poco\Net\ServerSocketImpl.cpp">
      <Filter>Net</Filter>
    </ClCompile>
    <ClCompile Include="..\Poco\Net\Poco\Net\Socket.cpp">
      <Filter>Net</Filter>
    </ClCompile>
    <ClCompile Include="..\Poco\Net\Poco\Net\SocketAddress.cpp">
      <Filter>Net</Filter>
    </ClCompile>
    <ClCompile Include="..\Poco\Net\Poco\Net\SocketAddressImpl.cpp">
      <Filter>Net</Filter>
    </ClCompile>
    <ClCompile Include="..\Poco\Net\Poco\Net\SocketImpl.cpp">
      <Filter>Net</Filter>
    </ClCompile>
    <ClCompile Include="..\Poco\Net\Poco\Net\StreamSocket.cpp">
      <Filter>Net</Filter>
    </ClCompile>
    <ClCompile Include="..\Poco\Net\Poco\Net\StreamSocketImpl.cpp">
      <Filter>Net</Filter>
    </ClCompile>
  </ItemGroup>
  <ItemGroup>
    <ClInclude Include="..\simple_net\Client.h">
      <Filter>simple_net</Filter>
    </ClInclude>
    <ClInclude Include="..\simple_net\NetConfig.h">
      <Filter>simple_net</Filter>
    </ClInclude>
    <ClInclude Include="..\simple_net\NetHelper.h">
      <Filter>simple_net</Filter>
    </ClInclude>
    <ClInclude Include="..\simple_net\NetProtocol.h">
      <Filter>simple_net</Filter>
    </ClInclude>
    <ClInclude Include="..\simple_net\Server.h">
      <Filter>simple_net</Filter>
    </ClInclude>
    <ClInclude Include="..\simple_net\ServerManager.h">
      <Filter>simple_net</Filter>
    </ClInclude>
    <ClInclude Include="ServerImp.h">
      <Filter>api</Filter>
    </ClInclude>
    <ClInclude Include="ServerManagerImp.h">
      <Filter>api</Filter>
    </ClInclude>
    <ClInclude Include="whsarmserver.h">
      <Filter>api</Filter>
    </ClInclude>
    <ClInclude Include="EventManager.h">
      <Filter>api</Filter>
    </ClInclude>
    <ClInclude Include="..\Poco\Foundation\Poco\Alignment.h">
      <Filter>Foundation</Filter>
    </ClInclude>
    <ClInclude Include="..\Poco\Foundation\Poco\Ascii.h">
      <Filter>Foundation</Filter>
    </ClInclude>
    <ClInclude Include="..\Poco\Foundation\Poco\atomiccounter.h">
      <Filter>Foundation</Filter>
    </ClInclude>
    <ClInclude Include="..\Poco\Foundation\Poco\AutoPtr.h">
      <Filter>Foundation</Filter>
    </ClInclude>
    <ClInclude Include="..\Poco\Foundation\Poco\Bugcheck.h">
      <Filter>Foundation</Filter>
    </ClInclude>
    <ClInclude Include="..\Poco\Foundation\Poco\ByteOrder.h">
      <Filter>Foundation</Filter>
    </ClInclude>
    <ClInclude Include="..\Poco\Foundation\Poco\Config.h">
      <Filter>Foundation</Filter>
    </ClInclude>
    <ClInclude Include="..\Poco\Foundation\Poco\Exception.h">
      <Filter>Foundation</Filter>
    </ClInclude>
    <ClInclude Include="..\Poco\Foundation\Poco\Foundation.h">
      <Filter>Foundation</Filter>
    </ClInclude>
    <ClInclude Include="..\Poco\Foundation\Poco\Platform.h">
      <Filter>Foundation</Filter>
    </ClInclude>
    <ClInclude Include="..\Poco\Foundation\Poco\Platform_POSIX.h">
      <Filter>Foundation</Filter>
    </ClInclude>
    <ClInclude Include="..\Poco\Foundation\Poco\Platform_VMS.h">
      <Filter>Foundation</Filter>
    </ClInclude>
    <ClInclude Include="..\Poco\Foundation\Poco\Platform_VX.h">
      <Filter>Foundation</Filter>
    </ClInclude>
    <ClInclude Include="..\Poco\Foundation\Poco\Platform_WIN32.h">
      <Filter>Foundation</Filter>
    </ClInclude>
    <ClInclude Include="..\Poco\Foundation\Poco\RefCountedObject.h">
      <Filter>Foundation</Filter>
    </ClInclude>
    <ClInclude Include="..\Poco\Foundation\Poco\string.h">
      <Filter>Foundation</Filter>
    </ClInclude>
    <ClInclude Include="..\Poco\Foundation\Poco\Timespan.h">
      <Filter>Foundation</Filter>
    </ClInclude>
    <ClInclude Include="..\Poco\Foundation\Poco\Timestamp.h">
      <Filter>Foundation</Filter>
    </ClInclude>
    <ClInclude Include="..\Poco\Foundation\Poco\Types.h">
      <Filter>Foundation</Filter>
    </ClInclude>
    <ClInclude Include="..\Poco\Foundation\Poco\UnWindows.h">
      <Filter>Foundation</Filter>
    </ClInclude>
    <ClInclude Include="..\Poco\Net\Poco\Net\IPAddress.h">
      <Filter>Net</Filter>
    </ClInclude>
    <ClInclude Include="..\Poco\Net\Poco\Net\IPAddressImpl.h">
      <Filter>Net</Filter>
    </ClInclude>
    <ClInclude Include="..\Poco\Net\Poco\Net\Net.h">
      <Filter>Net</Filter>
    </ClInclude>
    <ClInclude Include="..\Poco\Net\Poco\Net\NetException.h">
      <Filter>Net</Filter>
    </ClInclude>
    <ClInclude Include="..\Poco\Net\Poco\Net\ServerSocket.h">
      <Filter>Net</Filter>
    </ClInclude>
    <ClInclude Include="..\Poco\Net\Poco\Net\ServerSocketImpl.h">
      <Filter>Net</Filter>
    </ClInclude>
    <ClInclude Include="..\Poco\Net\Poco\Net\Socket.h">
      <Filter>Net</Filter>
    </ClInclude>
    <ClInclude Include="..\Poco\Net\Poco\Net\SocketAddress.h">
      <Filter>Net</Filter>
    </ClInclude>
    <ClInclude Include="..\Poco\Net\Poco\Net\SocketAddressImpl.h">
      <Filter>Net</Filter>
    </ClInclude>
    <ClInclude Include="..\Poco\Net\Poco\Net\SocketConnector.h">
      <Filter>Net</Filter>
    </ClInclude>
    <ClInclude Include="..\Poco\Net\Poco\Net\SocketDefs.h">
      <Filter>Net</Filter>
    </ClInclude>
    <ClInclude Include="..\Poco\Net\Poco\Net\SocketImpl.h">
      <Filter>Net</Filter>
    </ClInclude>
    <ClInclude Include="..\Poco\Net\Poco\Net\SocketStream.h">
      <Filter>Net</Filter>
    </ClInclude>
    <ClInclude Include="..\Poco\Net\Poco\Net\StreamSocket.h">
      <Filter>Net</Filter>
    </ClInclude>
    <ClInclude Include="..\Poco\Net\Poco\Net\StreamSocketImpl.h">
      <Filter>Net</Filter>
    </ClInclude>
  </ItemGroup>
  <ItemGroup>
    <Filter Include="simple_net">
      <UniqueIdentifier>{51458129-63de-4a47-8edf-6cba0dffcaf2}</UniqueIdentifier>
    </Filter>
    <Filter Include="api">
      <UniqueIdentifier>{6df22342-f510-41b8-ba61-832c562168b6}</UniqueIdentifier>
    </Filter>
    <Filter Include="Foundation">
      <UniqueIdentifier>{91ff8435-5d6f-41e1-8a2e-a5cb81e39027}</UniqueIdentifier>
    </Filter>
    <Filter Include="Net">
      <UniqueIdentifier>{86a3f702-8399-4fa0-8302-6e6e436a9d9b}</UniqueIdentifier>
    </Filter>
  </ItemGroup>
  <ItemGroup>
    <None Include="whsarmserver.def">
      <Filter>api</Filter>
    </None>
  </ItemGroup>
</Project>